
Microsoft Visual Studio Solution File, Format Version 12.00
# Visual Studio 2012
Project("{FAE04EC0-301F-11D3-BF4B-00C04F79EFBC}") = "ALox-CS-DLL", "ide.vstudio\ALox-CS-DLL\ALox-CS-DLL.csproj", "{E4FF710A-4E99-4DCF-9BBD-EFD0FAB1E46D}"
EndProject
Project("{FAE04EC0-301F-11D3-BF4B-00C04F79EFBC}") = "ALox-CS-WP71-Test", "ide.vstudio\ALox-CS-WP71-Test\ALox-CS-WP71-Test.csproj", "{98BF6943-0E0E-41A8-BB01-21AE188AA43F}"
	ProjectSection(ProjectDependencies) = postProject
		{0D355910-46A3-4BBC-B1DA-1538C3AB6516} = {0D355910-46A3-4BBC-B1DA-1538C3AB6516}
	EndProjectSection
EndProject
Project("{FAE04EC0-301F-11D3-BF4B-00C04F79EFBC}") = "ALox-CS-WP71-DLL", "ide.vstudio\ALox-CS-WP71-DLL\ALox-CS-WP71-DLL.csproj", "{0D355910-46A3-4BBC-B1DA-1538C3AB6516}"
EndProject
Project("{FAE04EC0-301F-11D3-BF4B-00C04F79EFBC}") = "ALox-CS-WP80-DLL", "ide.vstudio\ALox-CS-WP80-DLL\ALox-CS-WP80-DLL.csproj", "{5F05CE33-3B0C-4BD8-8CF1-3F894B78FAA1}"
EndProject
Project("{FAE04EC0-301F-11D3-BF4B-00C04F79EFBC}") = "ALox-CS-WP80-Test", "ide.vstudio\ALox-CS-WP80-Test\ALox-CS-WP80-Test.csproj", "{EFE771B8-C1CF-4D4A-8A83-B7391A6158B6}"
EndProject
Project("{2150E333-8FDC-42A3-9474-1A3956D46DE8}") = "Solution Items", "Solution Items", "{AD564FDF-6E9A-4E6A-8E7F-AC05FC493904}"
	ProjectSection(SolutionItems) = preProject
		LICENSE.txt = LICENSE.txt
		README.md = README.md
	EndProjectSection
EndProject
Project("{FAE04EC0-301F-11D3-BF4B-00C04F79EFBC}") = "ALox-CS-Test", "ide.vstudio\ALox-CS-Test\ALox-CS-Test.csproj", "{49A54123-433C-4B65-9214-F69831D7A53E}"
EndProject
Global
	GlobalSection(SolutionConfigurationPlatforms) = preSolution
		Debug|Any CPU = Debug|Any CPU
		Debug|ARM = Debug|ARM
		Debug|Mixed Platforms = Debug|Mixed Platforms
		Debug|Win32 = Debug|Win32
		Debug|x86 = Debug|x86
		Release|Any CPU = Release|Any CPU
		Release|ARM = Release|ARM
		Release|Mixed Platforms = Release|Mixed Platforms
		Release|Win32 = Release|Win32
		Release|x86 = Release|x86
	EndGlobalSection
	GlobalSection(ProjectConfigurationPlatforms) = postSolution
		{E4FF710A-4E99-4DCF-9BBD-EFD0FAB1E46D}.Debug|Any CPU.ActiveCfg = Debug|Any CPU
		{E4FF710A-4E99-4DCF-9BBD-EFD0FAB1E46D}.Debug|Any CPU.Build.0 = Debug|Any CPU
		{E4FF710A-4E99-4DCF-9BBD-EFD0FAB1E46D}.Debug|ARM.ActiveCfg = Debug|Any CPU
		{E4FF710A-4E99-4DCF-9BBD-EFD0FAB1E46D}.Debug|Mixed Platforms.ActiveCfg = Debug|Any CPU
		{E4FF710A-4E99-4DCF-9BBD-EFD0FAB1E46D}.Debug|Mixed Platforms.Build.0 = Debug|Any CPU
		{E4FF710A-4E99-4DCF-9BBD-EFD0FAB1E46D}.Debug|Win32.ActiveCfg = Debug|Any CPU
		{E4FF710A-4E99-4DCF-9BBD-EFD0FAB1E46D}.Debug|x86.ActiveCfg = Debug|Any CPU
		{E4FF710A-4E99-4DCF-9BBD-EFD0FAB1E46D}.Release|Any CPU.ActiveCfg = Release|Any CPU
		{E4FF710A-4E99-4DCF-9BBD-EFD0FAB1E46D}.Release|Any CPU.Build.0 = Release|Any CPU
		{E4FF710A-4E99-4DCF-9BBD-EFD0FAB1E46D}.Release|ARM.ActiveCfg = Release|Any CPU
		{E4FF710A-4E99-4DCF-9BBD-EFD0FAB1E46D}.Release|Mixed Platforms.ActiveCfg = Release|Any CPU
		{E4FF710A-4E99-4DCF-9BBD-EFD0FAB1E46D}.Release|Mixed Platforms.Build.0 = Release|Any CPU
		{E4FF710A-4E99-4DCF-9BBD-EFD0FAB1E46D}.Release|Win32.ActiveCfg = Release|Any CPU
		{E4FF710A-4E99-4DCF-9BBD-EFD0FAB1E46D}.Release|x86.ActiveCfg = Release|Any CPU
		{98BF6943-0E0E-41A8-BB01-21AE188AA43F}.Debug|Any CPU.ActiveCfg = Debug|Any CPU
		{98BF6943-0E0E-41A8-BB01-21AE188AA43F}.Debug|Any CPU.Build.0 = Debug|Any CPU
		{98BF6943-0E0E-41A8-BB01-21AE188AA43F}.Debug|Any CPU.Deploy.0 = Debug|Any CPU
		{98BF6943-0E0E-41A8-BB01-21AE188AA43F}.Debug|ARM.ActiveCfg = Debug|Any CPU
		{98BF6943-0E0E-41A8-BB01-21AE188AA43F}.Debug|Mixed Platforms.ActiveCfg = Debug|Any CPU
		{98BF6943-0E0E-41A8-BB01-21AE188AA43F}.Debug|Mixed Platforms.Build.0 = Debug|Any CPU
		{98BF6943-0E0E-41A8-BB01-21AE188AA43F}.Debug|Mixed Platforms.Deploy.0 = Debug|Any CPU
		{98BF6943-0E0E-41A8-BB01-21AE188AA43F}.Debug|Win32.ActiveCfg = Debug|Any CPU
		{98BF6943-0E0E-41A8-BB01-21AE188AA43F}.Debug|x86.ActiveCfg = Debug|Any CPU
		{98BF6943-0E0E-41A8-BB01-21AE188AA43F}.Release|Any CPU.ActiveCfg = Release|Any CPU
		{98BF6943-0E0E-41A8-BB01-21AE188AA43F}.Release|Any CPU.Build.0 = Release|Any CPU
		{98BF6943-0E0E-41A8-BB01-21AE188AA43F}.Release|Any CPU.Deploy.0 = Release|Any CPU
		{98BF6943-0E0E-41A8-BB01-21AE188AA43F}.Release|ARM.ActiveCfg = Release|Any CPU
		{98BF6943-0E0E-41A8-BB01-21AE188AA43F}.Release|Mixed Platforms.ActiveCfg = Release|Any CPU
		{98BF6943-0E0E-41A8-BB01-21AE188AA43F}.Release|Mixed Platforms.Build.0 = Release|Any CPU
		{98BF6943-0E0E-41A8-BB01-21AE188AA43F}.Release|Mixed Platforms.Deploy.0 = Release|Any CPU
		{98BF6943-0E0E-41A8-BB01-21AE188AA43F}.Release|Win32.ActiveCfg = Release|Any CPU
		{98BF6943-0E0E-41A8-BB01-21AE188AA43F}.Release|x86.ActiveCfg = Release|Any CPU
		{0D355910-46A3-4BBC-B1DA-1538C3AB6516}.Debug|Any CPU.ActiveCfg = Debug|Any CPU
		{0D355910-46A3-4BBC-B1DA-1538C3AB6516}.Debug|Any CPU.Build.0 = Debug|Any CPU
		{0D355910-46A3-4BBC-B1DA-1538C3AB6516}.Debug|ARM.ActiveCfg = Debug|Any CPU
		{0D355910-46A3-4BBC-B1DA-1538C3AB6516}.Debug|Mixed Platforms.ActiveCfg = Debug|Any CPU
		{0D355910-46A3-4BBC-B1DA-1538C3AB6516}.Debug|Mixed Platforms.Build.0 = Debug|Any CPU
		{0D355910-46A3-4BBC-B1DA-1538C3AB6516}.Debug|Win32.ActiveCfg = Debug|Any CPU
		{0D355910-46A3-4BBC-B1DA-1538C3AB6516}.Debug|x86.ActiveCfg = Debug|Any CPU
		{0D355910-46A3-4BBC-B1DA-1538C3AB6516}.Release|Any CPU.ActiveCfg = Release|Any CPU
		{0D355910-46A3-4BBC-B1DA-1538C3AB6516}.Release|Any CPU.Build.0 = Release|Any CPU
		{0D355910-46A3-4BBC-B1DA-1538C3AB6516}.Release|ARM.ActiveCfg = Release|Any CPU
		{0D355910-46A3-4BBC-B1DA-1538C3AB6516}.Release|Mixed Platforms.ActiveCfg = Release|Any CPU
		{0D355910-46A3-4BBC-B1DA-1538C3AB6516}.Release|Mixed Platforms.Build.0 = Release|Any CPU
		{0D355910-46A3-4BBC-B1DA-1538C3AB6516}.Release|Win32.ActiveCfg = Release|Any CPU
		{0D355910-46A3-4BBC-B1DA-1538C3AB6516}.Release|x86.ActiveCfg = Release|Any CPU
		{5F05CE33-3B0C-4BD8-8CF1-3F894B78FAA1}.Debug|Any CPU.ActiveCfg = Debug|Any CPU
		{5F05CE33-3B0C-4BD8-8CF1-3F894B78FAA1}.Debug|Any CPU.Build.0 = Debug|Any CPU
		{5F05CE33-3B0C-4BD8-8CF1-3F894B78FAA1}.Debug|ARM.ActiveCfg = Debug|ARM
		{5F05CE33-3B0C-4BD8-8CF1-3F894B78FAA1}.Debug|ARM.Build.0 = Debug|ARM
		{5F05CE33-3B0C-4BD8-8CF1-3F894B78FAA1}.Debug|Mixed Platforms.ActiveCfg = Debug|x86
		{5F05CE33-3B0C-4BD8-8CF1-3F894B78FAA1}.Debug|Mixed Platforms.Build.0 = Debug|x86
		{5F05CE33-3B0C-4BD8-8CF1-3F894B78FAA1}.Debug|Win32.ActiveCfg = Debug|x86
		{5F05CE33-3B0C-4BD8-8CF1-3F894B78FAA1}.Debug|Win32.Build.0 = Debug|x86
		{5F05CE33-3B0C-4BD8-8CF1-3F894B78FAA1}.Debug|x86.ActiveCfg = Debug|x86
		{5F05CE33-3B0C-4BD8-8CF1-3F894B78FAA1}.Debug|x86.Build.0 = Debug|x86
		{5F05CE33-3B0C-4BD8-8CF1-3F894B78FAA1}.Release|Any CPU.ActiveCfg = Release|Any CPU
		{5F05CE33-3B0C-4BD8-8CF1-3F894B78FAA1}.Release|Any CPU.Build.0 = Release|Any CPU
		{5F05CE33-3B0C-4BD8-8CF1-3F894B78FAA1}.Release|ARM.ActiveCfg = Release|ARM
		{5F05CE33-3B0C-4BD8-8CF1-3F894B78FAA1}.Release|ARM.Build.0 = Release|ARM
		{5F05CE33-3B0C-4BD8-8CF1-3F894B78FAA1}.Release|Mixed Platforms.ActiveCfg = Release|x86
		{5F05CE33-3B0C-4BD8-8CF1-3F894B78FAA1}.Release|Mixed Platforms.Build.0 = Release|x86
		{5F05CE33-3B0C-4BD8-8CF1-3F894B78FAA1}.Release|Win32.ActiveCfg = Release|x86
		{5F05CE33-3B0C-4BD8-8CF1-3F894B78FAA1}.Release|Win32.Build.0 = Release|x86
		{5F05CE33-3B0C-4BD8-8CF1-3F894B78FAA1}.Release|x86.ActiveCfg = Release|x86
		{5F05CE33-3B0C-4BD8-8CF1-3F894B78FAA1}.Release|x86.Build.0 = Release|x86
		{EFE771B8-C1CF-4D4A-8A83-B7391A6158B6}.Debug|Any CPU.ActiveCfg = Debug|Any CPU
		{EFE771B8-C1CF-4D4A-8A83-B7391A6158B6}.Debug|Any CPU.Build.0 = Debug|Any CPU
		{EFE771B8-C1CF-4D4A-8A83-B7391A6158B6}.Debug|Any CPU.Deploy.0 = Debug|Any CPU
		{EFE771B8-C1CF-4D4A-8A83-B7391A6158B6}.Debug|ARM.ActiveCfg = Debug|ARM
		{EFE771B8-C1CF-4D4A-8A83-B7391A6158B6}.Debug|ARM.Build.0 = Debug|ARM
		{EFE771B8-C1CF-4D4A-8A83-B7391A6158B6}.Debug|ARM.Deploy.0 = Debug|ARM
		{EFE771B8-C1CF-4D4A-8A83-B7391A6158B6}.Debug|Mixed Platforms.ActiveCfg = Debug|x86
		{EFE771B8-C1CF-4D4A-8A83-B7391A6158B6}.Debug|Mixed Platforms.Build.0 = Debug|x86
		{EFE771B8-C1CF-4D4A-8A83-B7391A6158B6}.Debug|Mixed Platforms.Deploy.0 = Debug|x86
		{EFE771B8-C1CF-4D4A-8A83-B7391A6158B6}.Debug|Win32.ActiveCfg = Debug|x86
		{EFE771B8-C1CF-4D4A-8A83-B7391A6158B6}.Debug|Win32.Build.0 = Debug|x86
		{EFE771B8-C1CF-4D4A-8A83-B7391A6158B6}.Debug|Win32.Deploy.0 = Debug|x86
		{EFE771B8-C1CF-4D4A-8A83-B7391A6158B6}.Debug|x86.ActiveCfg = Debug|x86
		{EFE771B8-C1CF-4D4A-8A83-B7391A6158B6}.Debug|x86.Build.0 = Debug|x86
		{EFE771B8-C1CF-4D4A-8A83-B7391A6158B6}.Debug|x86.Deploy.0 = Debug|x86
		{EFE771B8-C1CF-4D4A-8A83-B7391A6158B6}.Release|Any CPU.ActiveCfg = Release|Any CPU
		{EFE771B8-C1CF-4D4A-8A83-B7391A6158B6}.Release|Any CPU.Build.0 = Release|Any CPU
		{EFE771B8-C1CF-4D4A-8A83-B7391A6158B6}.Release|Any CPU.Deploy.0 = Release|Any CPU
		{EFE771B8-C1CF-4D4A-8A83-B7391A6158B6}.Release|ARM.ActiveCfg = Release|ARM
		{EFE771B8-C1CF-4D4A-8A83-B7391A6158B6}.Release|ARM.Build.0 = Release|ARM
		{EFE771B8-C1CF-4D4A-8A83-B7391A6158B6}.Release|ARM.Deploy.0 = Release|ARM
		{EFE771B8-C1CF-4D4A-8A83-B7391A6158B6}.Release|Mixed Platforms.ActiveCfg = Release|x86
		{EFE771B8-C1CF-4D4A-8A83-B7391A6158B6}.Release|Mixed Platforms.Build.0 = Release|x86
		{EFE771B8-C1CF-4D4A-8A83-B7391A6158B6}.Release|Mixed Platforms.Deploy.0 = Release|x86
		{EFE771B8-C1CF-4D4A-8A83-B7391A6158B6}.Release|Win32.ActiveCfg = Release|x86
		{EFE771B8-C1CF-4D4A-8A83-B7391A6158B6}.Release|Win32.Build.0 = Release|x86
		{EFE771B8-C1CF-4D4A-8A83-B7391A6158B6}.Release|Win32.Deploy.0 = Release|x86
		{EFE771B8-C1CF-4D4A-8A83-B7391A6158B6}.Release|x86.ActiveCfg = Release|x86
		{EFE771B8-C1CF-4D4A-8A83-B7391A6158B6}.Release|x86.Build.0 = Release|x86
		{EFE771B8-C1CF-4D4A-8A83-B7391A6158B6}.Release|x86.Deploy.0 = Release|x86
		{49A54123-433C-4B65-9214-F69831D7A53E}.Debug|Any CPU.ActiveCfg = Debug|Any CPU
		{49A54123-433C-4B65-9214-F69831D7A53E}.Debug|Any CPU.Build.0 = Debug|Any CPU
		{49A54123-433C-4B65-9214-F69831D7A53E}.Debug|ARM.ActiveCfg = Debug|Any CPU
		{49A54123-433C-4B65-9214-F69831D7A53E}.Debug|Mixed Platforms.ActiveCfg = Debug|Any CPU
		{49A54123-433C-4B65-9214-F69831D7A53E}.Debug|Mixed Platforms.Build.0 = Debug|Any CPU
		{49A54123-433C-4B65-9214-F69831D7A53E}.Debug|Win32.ActiveCfg = Debug|Any CPU
		{49A54123-433C-4B65-9214-F69831D7A53E}.Debug|x86.ActiveCfg = Debug|Any CPU
		{49A54123-433C-4B65-9214-F69831D7A53E}.Release|Any CPU.ActiveCfg = Release|Any CPU
		{49A54123-433C-4B65-9214-F69831D7A53E}.Release|Any CPU.Build.0 = Release|Any CPU
		{49A54123-433C-4B65-9214-F69831D7A53E}.Release|ARM.ActiveCfg = Release|Any CPU
		{49A54123-433C-4B65-9214-F69831D7A53E}.Release|Mixed Platforms.ActiveCfg = Release|Any CPU
		{49A54123-433C-4B65-9214-F69831D7A53E}.Release|Mixed Platforms.Build.0 = Release|Any CPU
		{49A54123-433C-4B65-9214-F69831D7A53E}.Release|Win32.ActiveCfg = Release|Any CPU
		{49A54123-433C-4B65-9214-F69831D7A53E}.Release|x86.ActiveCfg = Release|Any CPU
	EndGlobalSection
	GlobalSection(SolutionProperties) = preSolution
		HideSolutionNode = FALSE
	EndGlobalSection
EndGlobal
